{
  "version": 1,
  "dependencies": {
    "net10.0": {
      "Microsoft.AspNetCore.OpenApi": {
        "type": "Transitive",
        "resolved": "10.0.12",
        "contentHash": "7RnQ/UKn+kK3JDLmTpW+vVqNErWthGPAVAy1aIiBzv4ucQ6g9NFvOJUuT0PHcpvcJxGVxctMxj6t+NESWMrgHQ==",
        "dependencies": {
          "Microsoft.OpenApi": "[2.12.0, 3.0.0)"
        }
      },
      "Microsoft.EntityFrameworkCore": {
        "type": "Transitive",
        "resolved": "9.0.20",
        "contentHash": "52/3+48fTVcVQopie1SZLLenAuyrG0Enr1eAEbw05b22dl6nbC8V0UHLFknodJOrVcqdYR1Pf6FMbNvvWuhB5A==",
        "dependencies": {
          "Microsoft.EntityFrameworkCore.Abstractions": "9.0.20",
          "Microsoft.EntityFrameworkCore.Analyzers": "9.0.20",
          "Microsoft.Extensions.Caching.Memory": "9.0.20",
          "Microsoft.Extensions.Logging": "9.0.20"
        }
      },
      "Microsoft.EntityFrameworkCore.Abstractions": {
        "type": "Transitive",
        "resolved": "9.0.20",
        "contentHash": "ity/Y3MG2hAxK/na+9vp0XQ6kDDwZ8thJfCl+MSBhRNyXgaBtb16SyX2W0uFL44k6BHDmohybJQSRXnjkI4jtA=="
      },
      "Microsoft.EntityFrameworkCore.Analyzers": {
        "type": "Transitive",
        "resolved": "9.0.20",
        "contentHash": "WCNEWRZGuYycp0vU9aAfEKGZOr7hGrJP4SpJkl2KzXzKqH9UY/2h6j2L3JYa/AZbKD7EffQGk09NmyEcml/OwQ=="
      },
      "Microsoft.EntityFrameworkCore.Relational": {
        "type": "Transitive",
        "resolved": "9.0.20",
        "contentHash": "84oLYJjAA8hSrwPfkq0cm9dBdf3uFbBwqJVYjmS4zEoKJ87cj/Knyp1iYAHe95ToJHeo8APAPG0OlA6S4GUUlw==",
        "dependencies": {
          "Microsoft.EntityFrameworkCore": "9.0.20",
          "Microsoft.Extensions.Caching.Memory": "9.0.20",
          "Microsoft.Extensions.Configuration.Abstractions": "9.0.20",
          "Microsoft.Extensions.Logging": "9.0.20"
        }
      },
      "Microsoft.Extensions.Caching.Abstractions": {
        "type": "Transitive",
        "resolved": "9.0.20",
        "contentHash": "OsNAsYqXXI6RlPKnQGqyxYkgtnPJ9gTv+rHjE1FqfyGgKAdZ7kQqR0IXNTYLDNfcWr024ZDw+wKvoljr2KVnwg==",
        "dependencies": {
          "Microsoft.Extensions.Primitives": "9.0.20"
        }
      },
      "Microsoft.Extensions.Caching.Memory": {
        "type": "Transitive",
        "resolved": "9.0.20",
        "contentHash": "/bUrdA5TTk17H36s1qBl5eBK1ZtVYkVw27rOpGU7tnSa/yzXG/VSacs6jvBhy4oypO7qo6PTzBqer+0VfJ9XJw==",
        "dependencies": {
          "Microsoft.Extensions.Caching.Abstractions": "9.0.20",
          "Microsoft.Extensions.DependencyInjection.Abstractions": "9.0.20",
          "Microsoft.Extensions.Logging.Abstractions": "9.0.20",
          "Microsoft.Extensions.Options": "9.0.20",
          "Microsoft.Extensions.Primitives": "9.0.20"
        }
      },
      "Microsoft.Extensions.Configuration.Abstractions": {
        "type": "Transitive",
        "resolved": "9.0.20",
        "contentHash": "wNR2jEXCTwMKXKi/iWvi3PfRaxtU2j3VmzYHsbVhllQTKRpr1HmHewdwkLhlYk/VatbqDmprW1+tN2O/BA5OKA==",
        "dependencies": {
          "Microsoft.Extensions.Primitives": "9.0.20"
        }
      },
      "Microsoft.Extensions.DependencyInjection": {
        "type": "Transitive",
        "resolved": "9.0.20",
        "contentHash": "SnnIHEHfbYGvd91ZNvYeJcQVSaICdSQWXficKuBkT0Jzfx34XsqZ9aHj0y/7a/eZWY05B3SI0dQA/gKfIVZgWw==",
        "dependencies": {
          "Microsoft.Extensions.DependencyInjection.Abstractions": "9.0.20"
        }
      },
      "Microsoft.Extensions.DependencyInjection.Abstractions": {
        "type": "Transitive",
        "resolved": "9.0.20",
        "contentHash": "EsRc4piTdI3Ti5+cZwdpxn+mHwDCqT+b9ecmgYTTttpHFkYDyc4CenRNC9LrU0A+lTYsbQE8EvWC6sNp1Op0YA=="
      },
      "Microsoft.Extensions.Logging": {
        "type": "Transitive",
        "resolved": "9.0.20",
        "contentHash": "EJXNsngA3CycEVzMwZXkjAMMF4mlh3T8M9UyyJXFjPNSpNtdeKsSWzXtFG2qyC9JIGWFd5r2XlgBXtOCw2JYzQ==",
        "dependencies": {
          "Microsoft.Extensions.DependencyInjection": "9.0.20",
          "Microsoft.Extensions.Logging.Abstractions": "9.0.20",
          "Microsoft.Extensions.Options": "9.0.20"
        }
      },
      "Microsoft.Extensions.Logging.Abstractions": {
        "type": "Transitive",
        "resolved": "9.0.20",
        "contentHash": "ZTbbB2mz0MxOMVQF7/yKhRD9ok6QR5Kq+Ifsk7XfdGC3zJTfMeJZeKR8/DfnlyvrlQnaWEmMkrnM8d1sBs3afA==",
        "dependencies": {
          "Microsoft.Extensions.DependencyInjection.Abstractions": "9.0.20"
        }
      },
      "Microsoft.Extensions.Options": {
        "type": "Transitive",
        "resolved": "9.0.20",
        "contentHash": "dX5P4j3++0g0iSlV+NhhPuCI/2moNbWvYEb8ZWlO84GEX1fbEg+hygNlHtw7SKHWaTe176ZrmvFsfhIMjB+AUQ==",
        "dependencies": {
          "Microsoft.Extensions.DependencyInjection.Abstractions": "9.0.20",
          "Microsoft.Extensions.Primitives": "9.0.20"
        }
      },
      "Microsoft.Extensions.Primitives": {
        "type": "Transitive",
        "resolved": "9.0.20",
        "contentHash": "F9PkV2d5cHwibxxgklXhXtvVgZlPCJ0rkuY+jpa34o3vdUr0DcGX7XQkZouWuoDSZoYF0gUydM778d0wNpwB+Q=="
      },
      "Microsoft.OpenApi": {
        "type": "Transitive",
        "resolved": "2.12.0",
        "contentHash": "0xB/be+f6qYOhvQPUrVsLrau+fkowYv6gt9RIkajMhwT7sZnqtcA797yW3bS5kgSje+AQW4xZgyLnW641YFioQ=="
      },
      "MySqlConnector": {
        "type": "Transitive",
        "resolved": "2.4.0",
        "contentHash": "78M+gVOjbdZEDIyXQqcA7EYlCGS3tpbUELHvn6638A2w0pkPI625ixnzsa5staAd3N9/xFmPJtkKDYwsXpFi/w==",
        "dependencies": {
          "Microsoft.Extensions.DependencyInjection.Abstractions": "8.0.2",
          "Microsoft.Extensions.Logging.Abstractions": "8.0.2"
        }
      },
      "Pomelo.EntityFrameworkCore.MySql": {
        "type": "Transitive",
        "resolved": "9.0.0",
        "contentHash": "cl7S4s6CbJno0LjNxrBHNc2xxmCliR5i40ATPZk/eTywVaAbHCbdc9vbGc3QThvwGjHqrDHT8vY9m1VF/47o0g==",
        "dependencies": {
          "Microsoft.EntityFrameworkCore.Relational": "[9.0.0, 9.0.999]",
          "MySqlConnector": "2.4.0"
        }
      },
      "clinicflow": {
        "type": "Project",
        "dependencies": {
          "Microsoft.AspNetCore.OpenApi": "[10.0.12, )",
          "Microsoft.EntityFrameworkCore.Relational": "[9.0.20, )",
          "Pomelo.EntityFrameworkCore.MySql": "[9.0.0, )"
        }
      }
    }
  }
}